# THIS IS AN AUTOGENERATED FILE. DO NOT EDIT THIS FILE DIRECTLY.
# yarn lockfile v1


"@highlightjs/cdn-assets@^11.11.1":
  version "11.11.1"
  resolved "https://registry.npmjs.org/@highlightjs/cdn-assets/-/cdn-assets-11.11.1.tgz"
  integrity sha512-VEPdHzwelZ12hEX18BHduqxMZGolcUsrbeokHYxOUIm8X2+M7nx5QPtPeQgRxR9XjhdLv4/7DD5BWOlSrJ3k7Q==

"@webcoder49/code-input@git+https://github.com/WebCoder49/code-input#docs":
  version "2.5.1"
  resolved "git+https://github.com/WebCoder49/code-input#e7c4703044a3642b4b91d50d56cffcb2f309d2d9"
