# This file is generated by running "yarn install" inside your project.
# Manual changes might be lost - proceed with caution!

__metadata:
  version: 8
  cacheKey: 10c0

"@highlightjs/cdn-assets@npm:^11.11.1":
  version: 11.11.1
  resolution: "@highlightjs/cdn-assets@npm:11.11.1"
  checksum: 10c0/2c7d3bef6bcd4942fdfe531a9b11f38a085ce4cd7ebfae0cf93541f79ad717d80b7a3629b09fa832838874508b80eecc989d16178a27158f037465b0ace63a4a
  languageName: node
  linkType: hard

"@webcoder49/code-input@npm:v2.8.2":
  version: 2.8.2
  resolution: "@webcoder49/code-input@npm:2.8.2"
  checksum: 10c0/3325637f67de4a04bdbea41ce8dcc0bda2e89af365d2c8ecabf6cac5479330eaf08748b09f7c6936fe3b2e645b5858db2c59ef9ca3c91a53b4c1d339962e4fbc
  languageName: node
  linkType: hard

"highlight.js@npm:^11.11.1":
  version: 11.11.1
  resolution: "highlight.js@npm:11.11.1"
  checksum: 10c0/40f53ac19dac079891fcefd5bd8a21cf2e8931fd47da5bd1dca73b7e4375c1defed0636fc39120c639b9c44119b7d110f7f0c15aa899557a5a1c8910f3c0144c
  languageName: node
  linkType: hard

"root-workspace-0b6124@workspace:.":
  version: 0.0.0-use.local
  resolution: "root-workspace-0b6124@workspace:."
  dependencies:
    "@highlightjs/cdn-assets": "npm:^11.11.1"
    "@webcoder49/code-input": "npm:v2.8.2"
    highlight.js: "npm:^11.11.1"
  languageName: unknown
  linkType: soft
