# This file is generated by running "yarn install" inside your project.
# Manual changes might be lost - proceed with caution!

__metadata:
  version: 8
  cacheKey: 10c0

"@highlightjs/cdn-assets@npm:^11.11.1":
  version: 11.11.1
  resolution: "@highlightjs/cdn-assets@npm:11.11.1"
  checksum: 10c0/2c7d3bef6bcd4942fdfe531a9b11f38a085ce4cd7ebfae0cf93541f79ad717d80b7a3629b09fa832838874508b80eecc989d16178a27158f037465b0ace63a4a
  languageName: node
  linkType: hard

"@webcoder49/code-input@https://github.com/WebCoder49/code-input":
  version: 2.7.0
  resolution: "@webcoder49/code-input@https://github.com/WebCoder49/code-input.git#commit=e709545aae0f0b2bf9689012b911899cec3d288f"
  checksum: 10c0/60545edb6121cef0d1d7a32913383dec9e686e91395daf64771792f6bda4b216407e63ba140da1764b2226220fdae4a1f542d6accbf87756495b8bc0f5698c23
  languageName: node
  linkType: hard

"highlight.js@npm:^11.11.1":
  version: 11.11.1
  resolution: "highlight.js@npm:11.11.1"
  checksum: 10c0/40f53ac19dac079891fcefd5bd8a21cf2e8931fd47da5bd1dca73b7e4375c1defed0636fc39120c639b9c44119b7d110f7f0c15aa899557a5a1c8910f3c0144c
  languageName: node
  linkType: hard

"root-workspace-0b6124@workspace:.":
  version: 0.0.0-use.local
  resolution: "root-workspace-0b6124@workspace:."
  dependencies:
    "@highlightjs/cdn-assets": "npm:^11.11.1"
    "@webcoder49/code-input": "https://github.com/WebCoder49/code-input"
    highlight.js: "npm:^11.11.1"
  languageName: unknown
  linkType: soft
